
Microsoft Visual Studio Solution File, Format Version 12.00
# Visual Studio 2012
Project("{FAE04EC0-301F-11D3-BF4B-00C04F79EFBC}") = "ConApp150604111", "ConApp150604111\ConApp150604111.csproj", "{36DB836D-C837-4C06-AFBD-A77E0C0C1816}"
EndProject
Project("{FAE04EC0-301F-11D3-BF4B-00C04F79EFBC}") = "WinApp150604111", "WinApp150604111\WinApp150604111.csproj", "{7A20D02C-A2D0-468E-B897-0567EE7FEF4A}"
EndProject
Global
	GlobalSection(SolutionConfigurationPlatforms) = preSolution
		Debug|Any CPU = Debug|Any CPU
		Release|Any CPU = Release|Any CPU
	EndGlobalSection
	GlobalSection(ProjectConfigurationPlatforms) = postSolution
		{36DB836D-C837-4C06-AFBD-A77E0C0C1816}.Debug|Any CPU.ActiveCfg = Debug|Any CPU
		{36DB836D-C837-4C06-AFBD-A77E0C0C1816}.Debug|Any CPU.Build.0 = Debug|Any CPU
		{36DB836D-C837-4C06-AFBD-A77E0C0C1816}.Release|Any CPU.ActiveCfg = Release|Any CPU
		{36DB836D-C837-4C06-AFBD-A77E0C0C1816}.Release|Any CPU.Build.0 = Release|Any CPU
		{7A20D02C-A2D0-468E-B897-0567EE7FEF4A}.Debug|Any CPU.ActiveCfg = Debug|Any CPU
		{7A20D02C-A2D0-468E-B897-0567EE7FEF4A}.Debug|Any CPU.Build.0 = Debug|Any CPU
		{7A20D02C-A2D0-468E-B897-0567EE7FEF4A}.Release|Any CPU.ActiveCfg = Release|Any CPU
		{7A20D02C-A2D0-468E-B897-0567EE7FEF4A}.Release|Any CPU.Build.0 = Release|Any CPU
	EndGlobalSection
	GlobalSection(SolutionProperties) = preSolution
		HideSolutionNode = FALSE
	EndGlobalSection
EndGlobal
